
Microsoft Visual Studio Solution File, Format Version 12.00
# Visual Studio Version 17
VisualStudioVersion = 17.4.33110.190
MinimumVisualStudioVersion = 10.0.40219.1
Project("{FAE04EC0-301F-11D3-BF4B-00C04F79EFBC}") = "TamagotchiApi", "TamagotchiApi\TamagotchiApi.csproj", "{57DC8AEE-C123-46FB-BC13-85EC0868C04D}"
EndProject
Global
	GlobalSection(SolutionConfigurationPlatforms) = preSolution
		Debug|Any CPU = Debug|Any CPU
		Release|Any CPU = Release|Any CPU
	EndGlobalSection
	GlobalSection(ProjectConfigurationPlatforms) = postSolution
		{57DC8AEE-C123-46FB-BC13-85EC0868C04D}.Debug|Any CPU.ActiveCfg = Debug|Any CPU
		{57DC8AEE-C123-46FB-BC13-85EC0868C04D}.Debug|Any CPU.Build.0 = Debug|Any CPU
		{57DC8AEE-C123-46FB-BC13-85EC0868C04D}.Release|Any CPU.ActiveCfg = Release|Any CPU
		{57DC8AEE-C123-46FB-BC13-85EC0868C04D}.Release|Any CPU.Build.0 = Release|Any CPU
	EndGlobalSection
	GlobalSection(SolutionProperties) = preSolution
		HideSolutionNode = FALSE
	EndGlobalSection
	GlobalSection(ExtensibilityGlobals) = postSolution
		SolutionGuid = {BD383B4D-38BA-4BE0-A257-5632E20340ED}
	EndGlobalSection
EndGlobal
